
Microsoft Visual Studio Solution File, Format Version 12.00
# Visual Studio Version 16
VisualStudioVersion = 16.0.31424.327
MinimumVisualStudioVersion = 10.0.40219.1
Project("{8BC9CEB8-8B4A-11D0-8D11-00A0C91BC942}") = "AoC_1", "AoC_1\AoC_1.vcxproj", "{02C015DE-40D8-4ED4-A6D6-E240D336198F}"
EndProject
Project("{8BC9CEB8-8B4A-11D0-8D11-00A0C91BC942}") = "AoC_2", "AoC_2\AoC_2.vcxproj", "{08BA3B02-1E19-4660-AB5E-6EEC11E0B0FB}"
EndProject
Project("{8BC9CEB8-8B4A-11D0-8D11-00A0C91BC942}") = "AoC_3", "AoC_3\AoC_3.vcxproj", "{FAF8DBCE-CB7C-4880-9483-A4FFC36C8EC9}"
EndProject
Project("{8BC9CEB8-8B4A-11D0-8D11-00A0C91BC942}") = "AoC_4", "AoC_4\AoC_4.vcxproj", "{5236780D-CF56-474C-BBF3-A9D63BCB8B47}"
EndProject
Project("{8BC9CEB8-8B4A-11D0-8D11-00A0C91BC942}") = "AoC_5", "AoC_5\AoC_5.vcxproj", "{6D387A91-7797-4864-A0CC-8F196509E7B8}"
EndProject
Project("{8BC9CEB8-8B4A-11D0-8D11-00A0C91BC942}") = "AoC_6", "AoC_6\AoC_6.vcxproj", "{39483834-F130-4D40-9B3C-6BD5D8414C1C}"
EndProject
Project("{8BC9CEB8-8B4A-11D0-8D11-00A0C91BC942}") = "AoC_7", "AoC_7\AoC_7.vcxproj", "{AE505911-B115-46AE-84EE-BDEBE85A0138}"
EndProject
Project("{8BC9CEB8-8B4A-11D0-8D11-00A0C91BC942}") = "AoC_8", "AoC_8\AoC_8.vcxproj", "{049AB019-F5B9-4BCD-92C1-A96C161F09C3}"
EndProject
Project("{8BC9CEB8-8B4A-11D0-8D11-00A0C91BC942}") = "AoC_9", "AoC_9\AoC_9.vcxproj", "{6E1A5D4C-069A-4F1F-B16D-B53DE7B91047}"
EndProject
Project("{8BC9CEB8-8B4A-11D0-8D11-00A0C91BC942}") = "AoC_10", "AoC_10\AoC_10.vcxproj", "{3B6139AF-E018-4CF3-97A7-A7D2EAC3EFA1}"
EndProject
Project("{8BC9CEB8-8B4A-11D0-8D11-00A0C91BC942}") = "AoC_11", "AoC_11\AoC_11.vcxproj", "{53C89E67-A25B-43BB-BD9E-28157DF5B9DE}"
EndProject
Project("{8BC9CEB8-8B4A-11D0-8D11-00A0C91BC942}") = "AoC_12", "AoC_12\AoC_12.vcxproj", "{3571803A-A7C1-4ECE-9A75-C4703986AF64}"
EndProject
Project("{8BC9CEB8-8B4A-11D0-8D11-00A0C91BC942}") = "AoC_13", "AoC_13\AoC_13.vcxproj", "{981760F7-7186-4AB6-911A-B9BB09CC1C7F}"
EndProject
Project("{8BC9CEB8-8B4A-11D0-8D11-00A0C91BC942}") = "AoC_14", "AoC_14\AoC_14.vcxproj", "{816AB119-504A-4069-A618-7F680B76DCDC}"
EndProject
Project("{8BC9CEB8-8B4A-11D0-8D11-00A0C91BC942}") = "AoC_15", "AoC_15\AoC_15.vcxproj", "{DCDE1ABC-765D-47F8-8C8F-E4300574CDE0}"
EndProject
Project("{8BC9CEB8-8B4A-11D0-8D11-00A0C91BC942}") = "AoC_16", "AoC_16\AoC_16.vcxproj", "{8C9D2FEC-4A0A-40EF-8DA8-86FA9D569F87}"
EndProject
Project("{8BC9CEB8-8B4A-11D0-8D11-00A0C91BC942}") = "AoC_17", "AoC_17\AoC_17.vcxproj", "{EDEB8430-7721-4F94-89EA-8118D7F81865}"
EndProject
Project("{8BC9CEB8-8B4A-11D0-8D11-00A0C91BC942}") = "AoC_18", "AoC_18\AoC_18.vcxproj", "{6574278F-66B8-44FE-A73C-6F321A402909}"
EndProject
Project("{8BC9CEB8-8B4A-11D0-8D11-00A0C91BC942}") = "AoC_19", "AoC_19\AoC_19.vcxproj", "{2E93F818-E20F-41D8-97D1-EA31C1591EB1}"
EndProject
Project("{8BC9CEB8-8B4A-11D0-8D11-00A0C91BC942}") = "AoC_20", "AoC_20\AoC_20.vcxproj", "{599D5C8D-1983-4471-8FB5-3295DA877D50}"
EndProject
Project("{8BC9CEB8-8B4A-11D0-8D11-00A0C91BC942}") = "AoC_21", "AoC_21\AoC_21.vcxproj", "{AFDC23B4-2BA2-4C53-93AB-FD0A4683E1C1}"
EndProject
Project("{8BC9CEB8-8B4A-11D0-8D11-00A0C91BC942}") = "AoC_22", "AoC_22\AoC_22.vcxproj", "{C8E58CC5-6D23-486D-B3C8-B307119D0633}"
EndProject
Project("{8BC9CEB8-8B4A-11D0-8D11-00A0C91BC942}") = "AoC_23", "AoC_23\AoC_23.vcxproj", "{C5D6C9FA-CF47-4E4B-9959-151E5917058B}"
EndProject
Project("{8BC9CEB8-8B4A-11D0-8D11-00A0C91BC942}") = "AoC_24", "AoC_24\AoC_24.vcxproj", "{E4647982-49B0-4DAD-8EB8-0C1A3AFFC6B3}"
EndProject
Project("{8BC9CEB8-8B4A-11D0-8D11-00A0C91BC942}") = "AoC_25", "AoC_25\AoC_25.vcxproj", "{ECCD4330-1BC1-41F2-A00C-21799BA66997}"
EndProject
Global
	GlobalSection(SolutionConfigurationPlatforms) = preSolution
		Debug|x64 = Debug|x64
		Debug|x86 = Debug|x86
		Release|x64 = Release|x64
		Release|x86 = Release|x86
	EndGlobalSection
	GlobalSection(ProjectConfigurationPlatforms) = postSolution
		{02C015DE-40D8-4ED4-A6D6-E240D336198F}.Debug|x64.ActiveCfg = Debug|x64
		{02C015DE-40D8-4ED4-A6D6-E240D336198F}.Debug|x64.Build.0 = Debug|x64
		{02C015DE-40D8-4ED4-A6D6-E240D336198F}.Debug|x86.ActiveCfg = Debug|Win32
		{02C015DE-40D8-4ED4-A6D6-E240D336198F}.Debug|x86.Build.0 = Debug|Win32
		{02C015DE-40D8-4ED4-A6D6-E240D336198F}.Release|x64.ActiveCfg = Release|x64
		{02C015DE-40D8-4ED4-A6D6-E240D336198F}.Release|x64.Build.0 = Release|x64
		{02C015DE-40D8-4ED4-A6D6-E240D336198F}.Release|x86.ActiveCfg = Release|Win32
		{02C015DE-40D8-4ED4-A6D6-E240D336198F}.Release|x86.Build.0 = Release|Win32
		{08BA3B02-1E19-4660-AB5E-6EEC11E0B0FB}.Debug|x64.ActiveCfg = Debug|x64
		{08BA3B02-1E19-4660-AB5E-6EEC11E0B0FB}.Debug|x64.Build.0 = Debug|x64
		{08BA3B02-1E19-4660-AB5E-6EEC11E0B0FB}.Debug|x86.ActiveCfg = Debug|Win32
		{08BA3B02-1E19-4660-AB5E-6EEC11E0B0FB}.Debug|x86.Build.0 = Debug|Win32
		{08BA3B02-1E19-4660-AB5E-6EEC11E0B0FB}.Release|x64.ActiveCfg = Release|x64
		{08BA3B02-1E19-4660-AB5E-6EEC11E0B0FB}.Release|x64.Build.0 = Release|x64
		{08BA3B02-1E19-4660-AB5E-6EEC11E0B0FB}.Release|x86.ActiveCfg = Release|Win32
		{08BA3B02-1E19-4660-AB5E-6EEC11E0B0FB}.Release|x86.Build.0 = Release|Win32
		{FAF8DBCE-CB7C-4880-9483-A4FFC36C8EC9}.Debug|x64.ActiveCfg = Debug|x64
		{FAF8DBCE-CB7C-4880-9483-A4FFC36C8EC9}.Debug|x64.Build.0 = Debug|x64
		{FAF8DBCE-CB7C-4880-9483-A4FFC36C8EC9}.Debug|x86.ActiveCfg = Debug|Win32
		{FAF8DBCE-CB7C-4880-9483-A4FFC36C8EC9}.Debug|x86.Build.0 = Debug|Win32
		{FAF8DBCE-CB7C-4880-9483-A4FFC36C8EC9}.Release|x64.ActiveCfg = Release|x64
		{FAF8DBCE-CB7C-4880-9483-A4FFC36C8EC9}.Release|x64.Build.0 = Release|x64
		{FAF8DBCE-CB7C-4880-9483-A4FFC36C8EC9}.Release|x86.ActiveCfg = Release|Win32
		{FAF8DBCE-CB7C-4880-9483-A4FFC36C8EC9}.Release|x86.Build.0 = Release|Win32
		{5236780D-CF56-474C-BBF3-A9D63BCB8B47}.Debug|x64.ActiveCfg = Debug|x64
		{5236780D-CF56-474C-BBF3-A9D63BCB8B47}.Debug|x64.Build.0 = Debug|x64
		{5236780D-CF56-474C-BBF3-A9D63BCB8B47}.Debug|x86.ActiveCfg = Debug|Win32
		{5236780D-CF56-474C-BBF3-A9D63BCB8B47}.Debug|x86.Build.0 = Debug|Win32
		{5236780D-CF56-474C-BBF3-A9D63BCB8B47}.Release|x64.ActiveCfg = Release|x64
		{5236780D-CF56-474C-BBF3-A9D63BCB8B47}.Release|x64.Build.0 = Release|x64
		{5236780D-CF56-474C-BBF3-A9D63BCB8B47}.Release|x86.ActiveCfg = Release|Win32
		{5236780D-CF56-474C-BBF3-A9D63BCB8B47}.Release|x86.Build.0 = Release|Win32
		{6D387A91-7797-4864-A0CC-8F196509E7B8}.Debug|x64.ActiveCfg = Debug|x64
		{6D387A91-7797-4864-A0CC-8F196509E7B8}.Debug|x64.Build.0 = Debug|x64
		{6D387A91-7797-4864-A0CC-8F196509E7B8}.Debug|x86.ActiveCfg = Debug|Win32
		{6D387A91-7797-4864-A0CC-8F196509E7B8}.Debug|x86.Build.0 = Debug|Win32
		{6D387A91-7797-4864-A0CC-8F196509E7B8}.Release|x64.ActiveCfg = Release|x64
		{6D387A91-7797-4864-A0CC-8F196509E7B8}.Release|x64.Build.0 = Release|x64
		{6D387A91-7797-4864-A0CC-8F196509E7B8}.Release|x86.ActiveCfg = Release|Win32
		{6D387A91-7797-4864-A0CC-8F196509E7B8}.Release|x86.Build.0 = Release|Win32
		{39483834-F130-4D40-9B3C-6BD5D8414C1C}.Debug|x64.ActiveCfg = Debug|x64
		{39483834-F130-4D40-9B3C-6BD5D8414C1C}.Debug|x64.Build.0 = Debug|x64
		{39483834-F130-4D40-9B3C-6BD5D8414C1C}.Debug|x86.ActiveCfg = Debug|Win32
		{39483834-F130-4D40-9B3C-6BD5D8414C1C}.Debug|x86.Build.0 = Debug|Win32
		{39483834-F130-4D40-9B3C-6BD5D8414C1C}.Release|x64.ActiveCfg = Release|x64
		{39483834-F130-4D40-9B3C-6BD5D8414C1C}.Release|x64.Build.0 = Release|x64
		{39483834-F130-4D40-9B3C-6BD5D8414C1C}.Release|x86.ActiveCfg = Release|Win32
		{39483834-F130-4D40-9B3C-6BD5D8414C1C}.Release|x86.Build.0 = Release|Win32
		{AE505911-B115-46AE-84EE-BDEBE85A0138}.Debug|x64.ActiveCfg = Debug|x64
		{AE505911-B115-46AE-84EE-BDEBE85A0138}.Debug|x64.Build.0 = Debug|x64
		{AE505911-B115-46AE-84EE-BDEBE85A0138}.Debug|x86.ActiveCfg = Debug|Win32
		{AE505911-B115-46AE-84EE-BDEBE85A0138}.Debug|x86.Build.0 = Debug|Win32
		{AE505911-B115-46AE-84EE-BDEBE85A0138}.Release|x64.ActiveCfg = Release|x64
		{AE505911-B115-46AE-84EE-BDEBE85A0138}.Release|x64.Build.0 = Release|x64
		{AE505911-B115-46AE-84EE-BDEBE85A0138}.Release|x86.ActiveCfg = Release|Win32
		{AE505911-B115-46AE-84EE-BDEBE85A0138}.Release|x86.Build.0 = Release|Win32
		{049AB019-F5B9-4BCD-92C1-A96C161F09C3}.Debug|x64.ActiveCfg = Debug|x64
		{049AB019-F5B9-4BCD-92C1-A96C161F09C3}.Debug|x64.Build.0 = Debug|x64
		{049AB019-F5B9-4BCD-92C1-A96C161F09C3}.Debug|x86.ActiveCfg = Debug|Win32
		{049AB019-F5B9-4BCD-92C1-A96C161F09C3}.Debug|x86.Build.0 = Debug|Win32
		{049AB019-F5B9-4BCD-92C1-A96C161F09C3}.Release|x64.ActiveCfg = Release|x64
		{049AB019-F5B9-4BCD-92C1-A96C161F09C3}.Release|x64.Build.0 = Release|x64
		{049AB019-F5B9-4BCD-92C1-A96C161F09C3}.Release|x86.ActiveCfg = Release|Win32
		{049AB019-F5B9-4BCD-92C1-A96C161F09C3}.Release|x86.Build.0 = Release|Win32
		{6E1A5D4C-069A-4F1F-B16D-B53DE7B91047}.Debug|x64.ActiveCfg = Debug|x64
		{6E1A5D4C-069A-4F1F-B16D-B53DE7B91047}.Debug|x64.Build.0 = Debug|x64
		{6E1A5D4C-069A-4F1F-B16D-B53DE7B91047}.Debug|x86.ActiveCfg = Debug|Win32
		{6E1A5D4C-069A-4F1F-B16D-B53DE7B91047}.Debug|x86.Build.0 = Debug|Win32
		{6E1A5D4C-069A-4F1F-B16D-B53DE7B91047}.Release|x64.ActiveCfg = Release|x64
		{6E1A5D4C-069A-4F1F-B16D-B53DE7B91047}.Release|x64.Build.0 = Release|x64
		{6E1A5D4C-069A-4F1F-B16D-B53DE7B91047}.Release|x86.ActiveCfg = Release|Win32
		{6E1A5D4C-069A-4F1F-B16D-B53DE7B91047}.Release|x86.Build.0 = Release|Win32
		{3B6139AF-E018-4CF3-97A7-A7D2EAC3EFA1}.Debug|x64.ActiveCfg = Debug|x64
		{3B6139AF-E018-4CF3-97A7-A7D2EAC3EFA1}.Debug|x64.Build.0 = Debug|x64
		{3B6139AF-E018-4CF3-97A7-A7D2EAC3EFA1}.Debug|x86.ActiveCfg = Debug|Win32
		{3B6139AF-E018-4CF3-97A7-A7D2EAC3EFA1}.Debug|x86.Build.0 = Debug|Win32
		{3B6139AF-E018-4CF3-97A7-A7D2EAC3EFA1}.Release|x64.ActiveCfg = Release|x64
		{3B6139AF-E018-4CF3-97A7-A7D2EAC3EFA1}.Release|x64.Build.0 = Release|x64
		{3B6139AF-E018-4CF3-97A7-A7D2EAC3EFA1}.Release|x86.ActiveCfg = Release|Win32
		{3B6139AF-E018-4CF3-97A7-A7D2EAC3EFA1}.Release|x86.Build.0 = Release|Win32
		{53C89E67-A25B-43BB-BD9E-28157DF5B9DE}.Debug|x64.ActiveCfg = Debug|x64
		{53C89E67-A25B-43BB-BD9E-28157DF5B9DE}.Debug|x64.Build.0 = Debug|x64
		{53C89E67-A25B-43BB-BD9E-28157DF5B9DE}.Debug|x86.ActiveCfg = Debug|Win32
		{53C89E67-A25B-43BB-BD9E-28157DF5B9DE}.Debug|x86.Build.0 = Debug|Win32
		{53C89E67-A25B-43BB-BD9E-28157DF5B9DE}.Release|x64.ActiveCfg = Release|x64
		{53C89E67-A25B-43BB-BD9E-28157DF5B9DE}.Release|x64.Build.0 = Release|x64
		{53C89E67-A25B-43BB-BD9E-28157DF5B9DE}.Release|x86.ActiveCfg = Release|Win32
		{53C89E67-A25B-43BB-BD9E-28157DF5B9DE}.Release|x86.Build.0 = Release|Win32
		{3571803A-A7C1-4ECE-9A75-C4703986AF64}.Debug|x64.ActiveCfg = Debug|x64
		{3571803A-A7C1-4ECE-9A75-C4703986AF64}.Debug|x64.Build.0 = Debug|x64
		{3571803A-A7C1-4ECE-9A75-C4703986AF64}.Debug|x86.ActiveCfg = Debug|Win32
		{3571803A-A7C1-4ECE-9A75-C4703986AF64}.Debug|x86.Build.0 = Debug|Win32
		{3571803A-A7C1-4ECE-9A75-C4703986AF64}.Release|x64.ActiveCfg = Release|x64
		{3571803A-A7C1-4ECE-9A75-C4703986AF64}.Release|x64.Build.0 = Release|x64
		{3571803A-A7C1-4ECE-9A75-C4703986AF64}.Release|x86.ActiveCfg = Release|Win32
		{3571803A-A7C1-4ECE-9A75-C4703986AF64}.Release|x86.Build.0 = Release|Win32
		{981760F7-7186-4AB6-911A-B9BB09CC1C7F}.Debug|x64.ActiveCfg = Debug|x64
		{981760F7-7186-4AB6-911A-B9BB09CC1C7F}.Debug|x64.Build.0 = Debug|x64
		{981760F7-7186-4AB6-911A-B9BB09CC1C7F}.Debug|x86.ActiveCfg = Debug|Win32
		{981760F7-7186-4AB6-911A-B9BB09CC1C7F}.Debug|x86.Build.0 = Debug|Win32
		{981760F7-7186-4AB6-911A-B9BB09CC1C7F}.Release|x64.ActiveCfg = Release|x64
		{981760F7-7186-4AB6-911A-B9BB09CC1C7F}.Release|x64.Build.0 = Release|x64
		{981760F7-7186-4AB6-911A-B9BB09CC1C7F}.Release|x86.ActiveCfg = Release|Win32
		{981760F7-7186-4AB6-911A-B9BB09CC1C7F}.Release|x86.Build.0 = Release|Win32
		{816AB119-504A-4069-A618-7F680B76DCDC}.Debug|x64.ActiveCfg = Debug|x64
		{816AB119-504A-4069-A618-7F680B76DCDC}.Debug|x64.Build.0 = Debug|x64
		{816AB119-504A-4069-A618-7F680B76DCDC}.Debug|x86.ActiveCfg = Debug|Win32
		{816AB119-504A-4069-A618-7F680B76DCDC}.Debug|x86.Build.0 = Debug|Win32
		{816AB119-504A-4069-A618-7F680B76DCDC}.Release|x64.ActiveCfg = Release|x64
		{816AB119-504A-4069-A618-7F680B76DCDC}.Release|x64.Build.0 = Release|x64
		{816AB119-504A-4069-A618-7F680B76DCDC}.Release|x86.ActiveCfg = Release|Win32
		{816AB119-504A-4069-A618-7F680B76DCDC}.Release|x86.Build.0 = Release|Win32
		{DCDE1ABC-765D-47F8-8C8F-E4300574CDE0}.Debug|x64.ActiveCfg = Debug|x64
		{DCDE1ABC-765D-47F8-8C8F-E4300574CDE0}.Debug|x64.Build.0 = Debug|x64
		{DCDE1ABC-765D-47F8-8C8F-E4300574CDE0}.Debug|x86.ActiveCfg = Debug|Win32
		{DCDE1ABC-765D-47F8-8C8F-E4300574CDE0}.Debug|x86.Build.0 = Debug|Win32
		{DCDE1ABC-765D-47F8-8C8F-E4300574CDE0}.Release|x64.ActiveCfg = Release|x64
		{DCDE1ABC-765D-47F8-8C8F-E4300574CDE0}.Release|x64.Build.0 = Release|x64
		{DCDE1ABC-765D-47F8-8C8F-E4300574CDE0}.Release|x86.ActiveCfg = Release|Win32
		{DCDE1ABC-765D-47F8-8C8F-E4300574CDE0}.Release|x86.Build.0 = Release|Win32
		{8C9D2FEC-4A0A-40EF-8DA8-86FA9D569F87}.Debug|x64.ActiveCfg = Debug|x64
		{8C9D2FEC-4A0A-40EF-8DA8-86FA9D569F87}.Debug|x64.Build.0 = Debug|x64
		{8C9D2FEC-4A0A-40EF-8DA8-86FA9D569F87}.Debug|x86.ActiveCfg = Debug|Win32
		{8C9D2FEC-4A0A-40EF-8DA8-86FA9D569F87}.Debug|x86.Build.0 = Debug|Win32
		{8C9D2FEC-4A0A-40EF-8DA8-86FA9D569F87}.Release|x64.ActiveCfg = Release|x64
		{8C9D2FEC-4A0A-40EF-8DA8-86FA9D569F87}.Release|x64.Build.0 = Release|x64
		{8C9D2FEC-4A0A-40EF-8DA8-86FA9D569F87}.Release|x86.ActiveCfg = Release|Win32
		{8C9D2FEC-4A0A-40EF-8DA8-86FA9D569F87}.Release|x86.Build.0 = Release|Win32
		{EDEB8430-7721-4F94-89EA-8118D7F81865}.Debug|x64.ActiveCfg = Debug|x64
		{EDEB8430-7721-4F94-89EA-8118D7F81865}.Debug|x64.Build.0 = Debug|x64
		{EDEB8430-7721-4F94-89EA-8118D7F81865}.Debug|x86.ActiveCfg = Debug|Win32
		{EDEB8430-7721-4F94-89EA-8118D7F81865}.Debug|x86.Build.0 = Debug|Win32
		{EDEB8430-7721-4F94-89EA-8118D7F81865}.Release|x64.ActiveCfg = Release|x64
		{EDEB8430-7721-4F94-89EA-8118D7F81865}.Release|x64.Build.0 = Release|x64
		{EDEB8430-7721-4F94-89EA-8118D7F81865}.Release|x86.ActiveCfg = Release|Win32
		{EDEB8430-7721-4F94-89EA-8118D7F81865}.Release|x86.Build.0 = Release|Win32
		{6574278F-66B8-44FE-A73C-6F321A402909}.Debug|x64.ActiveCfg = Debug|x64
		{6574278F-66B8-44FE-A73C-6F321A402909}.Debug|x64.Build.0 = Debug|x64
		{6574278F-66B8-44FE-A73C-6F321A402909}.Debug|x86.ActiveCfg = Debug|Win32
		{6574278F-66B8-44FE-A73C-6F321A402909}.Debug|x86.Build.0 = Debug|Win32
		{6574278F-66B8-44FE-A73C-6F321A402909}.Release|x64.ActiveCfg = Release|x64
		{6574278F-66B8-44FE-A73C-6F321A402909}.Release|x64.Build.0 = Release|x64
		{6574278F-66B8-44FE-A73C-6F321A402909}.Release|x86.ActiveCfg = Release|Win32
		{6574278F-66B8-44FE-A73C-6F321A402909}.Release|x86.Build.0 = Release|Win32
		{2E93F818-E20F-41D8-97D1-EA31C1591EB1}.Debug|x64.ActiveCfg = Debug|x64
		{2E93F818-E20F-41D8-97D1-EA31C1591EB1}.Debug|x64.Build.0 = Debug|x64
		{2E93F818-E20F-41D8-97D1-EA31C1591EB1}.Debug|x86.ActiveCfg = Debug|Win32
		{2E93F818-E20F-41D8-97D1-EA31C1591EB1}.Debug|x86.Build.0 = Debug|Win32
		{2E93F818-E20F-41D8-97D1-EA31C1591EB1}.Release|x64.ActiveCfg = Release|x64
		{2E93F818-E20F-41D8-97D1-EA31C1591EB1}.Release|x64.Build.0 = Release|x64
		{2E93F818-E20F-41D8-97D1-EA31C1591EB1}.Release|x86.ActiveCfg = Release|Win32
		{2E93F818-E20F-41D8-97D1-EA31C1591EB1}.Release|x86.Build.0 = Release|Win32
		{599D5C8D-1983-4471-8FB5-3295DA877D50}.Debug|x64.ActiveCfg = Debug|x64
		{599D5C8D-1983-4471-8FB5-3295DA877D50}.Debug|x64.Build.0 = Debug|x64
		{599D5C8D-1983-4471-8FB5-3295DA877D50}.Debug|x86.ActiveCfg = Debug|Win32
		{599D5C8D-1983-4471-8FB5-3295DA877D50}.Debug|x86.Build.0 = Debug|Win32
		{599D5C8D-1983-4471-8FB5-3295DA877D50}.Release|x64.ActiveCfg = Release|x64
		{599D5C8D-1983-4471-8FB5-3295DA877D50}.Release|x64.Build.0 = Release|x64
		{599D5C8D-1983-4471-8FB5-3295DA877D50}.Release|x86.ActiveCfg = Release|Win32
		{599D5C8D-1983-4471-8FB5-3295DA877D50}.Release|x86.Build.0 = Release|Win32
		{AFDC23B4-2BA2-4C53-93AB-FD0A4683E1C1}.Debug|x64.ActiveCfg = Debug|x64
		{AFDC23B4-2BA2-4C53-93AB-FD0A4683E1C1}.Debug|x64.Build.0 = Debug|x64
		{AFDC23B4-2BA2-4C53-93AB-FD0A4683E1C1}.Debug|x86.ActiveCfg = Debug|Win32
		{AFDC23B4-2BA2-4C53-93AB-FD0A4683E1C1}.Debug|x86.Build.0 = Debug|Win32
		{AFDC23B4-2BA2-4C53-93AB-FD0A4683E1C1}.Release|x64.ActiveCfg = Release|x64
		{AFDC23B4-2BA2-4C53-93AB-FD0A4683E1C1}.Release|x64.Build.0 = Release|x64
		{AFDC23B4-2BA2-4C53-93AB-FD0A4683E1C1}.Release|x86.ActiveCfg = Release|Win32
		{AFDC23B4-2BA2-4C53-93AB-FD0A4683E1C1}.Release|x86.Build.0 = Release|Win32
		{C8E58CC5-6D23-486D-B3C8-B307119D0633}.Debug|x64.ActiveCfg = Debug|x64
		{C8E58CC5-6D23-486D-B3C8-B307119D0633}.Debug|x64.Build.0 = Debug|x64
		{C8E58CC5-6D23-486D-B3C8-B307119D0633}.Debug|x86.ActiveCfg = Debug|Win32
		{C8E58CC5-6D23-486D-B3C8-B307119D0633}.Debug|x86.Build.0 = Debug|Win32
		{C8E58CC5-6D23-486D-B3C8-B307119D0633}.Release|x64.ActiveCfg = Release|x64
		{C8E58CC5-6D23-486D-B3C8-B307119D0633}.Release|x64.Build.0 = Release|x64
		{C8E58CC5-6D23-486D-B3C8-B307119D0633}.Release|x86.ActiveCfg = Release|Win32
		{C8E58CC5-6D23-486D-B3C8-B307119D0633}.Release|x86.Build.0 = Release|Win32
		{C5D6C9FA-CF47-4E4B-9959-151E5917058B}.Debug|x64.ActiveCfg = Debug|x64
		{C5D6C9FA-CF47-4E4B-9959-151E5917058B}.Debug|x64.Build.0 = Debug|x64
		{C5D6C9FA-CF47-4E4B-9959-151E5917058B}.Debug|x86.ActiveCfg = Debug|Win32
		{C5D6C9FA-CF47-4E4B-9959-151E5917058B}.Debug|x86.Build.0 = Debug|Win32
		{C5D6C9FA-CF47-4E4B-9959-151E5917058B}.Release|x64.ActiveCfg = Release|x64
		{C5D6C9FA-CF47-4E4B-9959-151E5917058B}.Release|x64.Build.0 = Release|x64
		{C5D6C9FA-CF47-4E4B-9959-151E5917058B}.Release|x86.ActiveCfg = Release|Win32
		{C5D6C9FA-CF47-4E4B-9959-151E5917058B}.Release|x86.Build.0 = Release|Win32
		{E4647982-49B0-4DAD-8EB8-0C1A3AFFC6B3}.Debug|x64.ActiveCfg = Debug|x64
		{E4647982-49B0-4DAD-8EB8-0C1A3AFFC6B3}.Debug|x64.Build.0 = Debug|x64
		{E4647982-49B0-4DAD-8EB8-0C1A3AFFC6B3}.Debug|x86.ActiveCfg = Debug|Win32
		{E4647982-49B0-4DAD-8EB8-0C1A3AFFC6B3}.Debug|x86.Build.0 = Debug|Win32
		{E4647982-49B0-4DAD-8EB8-0C1A3AFFC6B3}.Release|x64.ActiveCfg = Release|x64
		{E4647982-49B0-4DAD-8EB8-0C1A3AFFC6B3}.Release|x64.Build.0 = Release|x64
		{E4647982-49B0-4DAD-8EB8-0C1A3AFFC6B3}.Release|x86.ActiveCfg = Release|Win32
		{E4647982-49B0-4DAD-8EB8-0C1A3AFFC6B3}.Release|x86.Build.0 = Release|Win32
		{ECCD4330-1BC1-41F2-A00C-21799BA66997}.Debug|x64.ActiveCfg = Debug|x64
		{ECCD4330-1BC1-41F2-A00C-21799BA66997}.Debug|x64.Build.0 = Debug|x64
		{ECCD4330-1BC1-41F2-A00C-21799BA66997}.Debug|x86.ActiveCfg = Debug|Win32
		{ECCD4330-1BC1-41F2-A00C-21799BA66997}.Debug|x86.Build.0 = Debug|Win32
		{ECCD4330-1BC1-41F2-A00C-21799BA66997}.Release|x64.ActiveCfg = Release|x64
		{ECCD4330-1BC1-41F2-A00C-21799BA66997}.Release|x64.Build.0 = Release|x64
		{ECCD4330-1BC1-41F2-A00C-21799BA66997}.Release|x86.ActiveCfg = Release|Win32
		{ECCD4330-1BC1-41F2-A00C-21799BA66997}.Release|x86.Build.0 = Release|Win32
	EndGlobalSection
	GlobalSection(SolutionProperties) = preSolution
		HideSolutionNode = FALSE
	EndGlobalSection
	GlobalSection(ExtensibilityGlobals) = postSolution
		SolutionGuid = {9F72D70D-2C3B-4E60-87AF-58B66BF63DB7}
	EndGlobalSection
EndGlobal
